{
  "name": "component.request.handler.user",
  "version": "1.0.0",
  "lockfileVersion": 1,
  "requires": true,
  "dependencies": {
    "component.delegate": {
      "version": "git+https://github.com/marchuanv/component.delegate.git#ae3f22f049901d1047ef2c96d69b1eb4ff242365",
      "from": "git+https://github.com/marchuanv/component.delegate.git",
      "requires": {
        "logging": "git+https://github.com/marchuanv/logging.git"
      }
    },
    "component.request": {
      "version": "git+https://github.com/marchuanv/component.request.git#ea7b4f4e087258c6ae1710f0c025625dd4b54d9a",
      "from": "git+https://github.com/marchuanv/component.request.git",
      "requires": {
        "logging": "git+https://github.com/marchuanv/logging.git"
      }
    },
    "component.request.handler": {
      "version": "git+https://github.com/marchuanv/component.request.handler.git#2cfcdbe72d320c1a790919fe342582f6f7ef8660",
      "from": "git+https://github.com/marchuanv/component.request.handler.git",
      "requires": {
        "component.delegate": "git+https://github.com/marchuanv/component.delegate.git",
        "logging": "git+https://github.com/marchuanv/logging.git"
      }
    },
    "component.request.handler.deferred": {
      "version": "git+https://github.com/marchuanv/component.request.handler.deferred.git#48cefc4fa07b65afa510af0516406e32564616f6",
      "from": "git+https://github.com/marchuanv/component.request.handler.deferred.git",
      "requires": {
        "component.delegate": "git+https://github.com/marchuanv/component.delegate.git",
        "component.request.handler.route": "git+https://github.com/marchuanv/component.request.handler.route.git",
        "logging": "git+https://github.com/marchuanv/logging.git"
      }
    },
    "component.request.handler.route": {
      "version": "git+https://github.com/marchuanv/component.request.handler.route.git#9e16e43e833141fcf08987bfda81d932ecc6f6e9",
      "from": "git+https://github.com/marchuanv/component.request.handler.route.git",
      "requires": {
        "component.delegate": "git+https://github.com/marchuanv/component.delegate.git",
        "component.request.handler": "git+https://github.com/marchuanv/component.request.handler.git",
        "logging": "git+https://github.com/marchuanv/logging.git"
      }
    },
    "logging": {
      "version": "git+https://github.com/marchuanv/logging.git#8d848231cf65b8dbb3528132c96c9e924ff46acd",
      "from": "git+https://github.com/marchuanv/logging.git",
      "requires": {
        "utils": "git+https://github.com/marchuanv/utils.git"
      }
    },
    "utils": {
      "version": "git+https://github.com/marchuanv/utils.git#5e7820d39cfc924575ae0db3113e6f63f4917660",
      "from": "git+https://github.com/marchuanv/utils.git"
    }
  }
}
